
Microsoft Visual Studio Solution File, Format Version 12.00
# Visual Studio Version 17
VisualStudioVersion = 17.8.34511.84
MinimumVisualStudioVersion = 10.0.40219.1
Project("{FAE04EC0-301F-11D3-BF4B-00C04F79EFBC}") = "LCModFreeSingleShipDecorations", "LCModFreeSingleShipDecorations.csproj", "{18427AF3-FA21-4B40-8A7A-3CA47884441A}"
EndProject
Global
	GlobalSection(SolutionConfigurationPlatforms) = preSolution
		Debug|Any CPU = Debug|Any CPU
		Release|Any CPU = Release|Any CPU
	EndGlobalSection
	GlobalSection(ProjectConfigurationPlatforms) = postSolution
		{18427AF3-FA21-4B40-8A7A-3CA47884441A}.Debug|Any CPU.ActiveCfg = Debug|Any CPU
		{18427AF3-FA21-4B40-8A7A-3CA47884441A}.Debug|Any CPU.Build.0 = Debug|Any CPU
		{18427AF3-FA21-4B40-8A7A-3CA47884441A}.Release|Any CPU.ActiveCfg = Release|Any CPU
		{18427AF3-FA21-4B40-8A7A-3CA47884441A}.Release|Any CPU.Build.0 = Release|Any CPU
	EndGlobalSection
	GlobalSection(SolutionProperties) = preSolution
		HideSolutionNode = FALSE
	EndGlobalSection
	GlobalSection(ExtensibilityGlobals) = postSolution
		SolutionGuid = {46C9716C-C0CF-4361-9F5F-18D3D4BDCD58}
	EndGlobalSection
EndGlobal
